{
  "lockfile_version": "1",
  "packages": {
    "github:NixOS/nixpkgs/nixpkgs-unstable": {
      "last_modified": "2026-03-15T17:58:12Z",
      "resolved": "github:NixOS/nixpkgs/a07d4ce6bee67d7c838a8a5796e75dff9caa21ef?lastModified=1773597492"
    },
    "glibcLocales@latest": {
      "last_modified": "2026-02-23T15:40:43Z",
      "resolved": "github:NixOS/nixpkgs/80d901ec0377e19ac3f7bb8c035201e2e098cc97#glibcLocales",
      "source": "devbox-search",
      "version": "2.42-51",
      "systems": {
        "aarch64-linux": {
          "outputs": [
            {
              "name": "out",
              "path": "/nix/store/2m0bi1my8d60caywvn71iw3gqn3qy9vc-glibc-locales-2.42-51",
              "default": true
            }
          ],
          "store_path": "/nix/store/2m0bi1my8d60caywvn71iw3gqn3qy9vc-glibc-locales-2.42-51"
        },
        "x86_64-linux": {
          "outputs": [
            {
              "name": "out",
              "path": "/nix/store/0qlmqvyckf8zyx03n00azgznnkzgi5xw-glibc-locales-2.42-51",
              "default": true
            }
          ],
          "store_path": "/nix/store/0qlmqvyckf8zyx03n00azgznnkzgi5xw-glibc-locales-2.42-51"
        }
      }
    },
    "nodejs@20": {
      "last_modified": "2026-02-06T12:24:04Z",
      "plugin_version": "0.0.2",
      "resolved": "github:NixOS/nixpkgs/ae67888ff7ef9dff69b3cf0cc0fbfbcd3a722abe#nodejs_20",
      "source": "devbox-search",
      "version": "20.20.0",
      "systems": {
        "aarch64-darwin": {
          "outputs": [
            {
              "name": "out",
              "path": "/nix/store/lpxs72iagg4hxnd8swgpvaiajgpdiaiv-nodejs-20.20.0",
              "default": true
            },
            {
              "name": "libv8",
              "path": "/nix/store/na6qprgp6izbr2acc67rv45i8f567c61-nodejs-20.20.0-libv8"
            },
            {
              "name": "dev",
              "path": "/nix/store/ffv0m7yqk3zdrjcbz030l5h4drd3qpxi-nodejs-20.20.0-dev"
            }
          ],
          "store_path": "/nix/store/lpxs72iagg4hxnd8swgpvaiajgpdiaiv-nodejs-20.20.0"
        },
        "aarch64-linux": {
          "outputs": [
            {
              "name": "out",
              "path": "/nix/store/j99h1wchrxq7yjgsgdfzpb471gd9ffzz-nodejs-20.20.0",
              "default": true
            },
            {
              "name": "libv8",
              "path": "/nix/store/w43cfcpz1d205xwixvyb0wnrq62nfs5r-nodejs-20.20.0-libv8"
            },
            {
              "name": "dev",
              "path": "/nix/store/sj3dkxdbgi6aw7bdw3y4g6f1p3167mzi-nodejs-20.20.0-dev"
            }
          ],
          "store_path": "/nix/store/j99h1wchrxq7yjgsgdfzpb471gd9ffzz-nodejs-20.20.0"
        },
        "x86_64-darwin": {
          "outputs": [
            {
              "name": "out",
              "path": "/nix/store/93b8p46bmm8qrwymi6aw99h8n0nnni03-nodejs-20.20.0",
              "default": true
            },
            {
              "name": "dev",
              "path": "/nix/store/gafdza0dkjvhqsx0xlmi1wsgw1ha6ash-nodejs-20.20.0-dev"
            },
            {
              "name": "libv8",
              "path": "/nix/store/0g5s1xy86aqbi1cfa35z63rak73hki6y-nodejs-20.20.0-libv8"
            }
          ],
          "store_path": "/nix/store/93b8p46bmm8qrwymi6aw99h8n0nnni03-nodejs-20.20.0"
        },
        "x86_64-linux": {
          "outputs": [
            {
              "name": "out",
              "path": "/nix/store/mcy5n3l8z7dbvaic7kgh80b86xj7smkn-nodejs-20.20.0",
              "default": true
            },
            {
              "name": "dev",
              "path": "/nix/store/p6c5l3l0p5cymnzybcyil9dqbiymi6ly-nodejs-20.20.0-dev"
            },
            {
              "name": "libv8",
              "path": "/nix/store/7sljbl366m4vlf79va6l4441j1qmpjax-nodejs-20.20.0-libv8"
            }
          ],
          "store_path": "/nix/store/mcy5n3l8z7dbvaic7kgh80b86xj7smkn-nodejs-20.20.0"
        }
      }
    },
    "pnpm@9": {
      "last_modified": "2025-01-06T12:26:56Z",
      "resolved": "github:NixOS/nixpkgs/b30f97d8c32d804d2d832ee837d0f1ca0695faa5#pnpm",
      "source": "devbox-search",
      "version": "9.15.3",
      "systems": {
        "aarch64-darwin": {
          "outputs": [
            {
              "name": "out",
              "path": "/nix/store/hhprmwazmgvxqff5zpra2bw0cb12f4sl-pnpm-9.15.3",
              "default": true
            }
          ],
          "store_path": "/nix/store/hhprmwazmgvxqff5zpra2bw0cb12f4sl-pnpm-9.15.3"
        },
        "aarch64-linux": {
          "outputs": [
            {
              "name": "out",
              "path": "/nix/store/id6m5r3zip98l8g9lyvgwv8bvvnn99hq-pnpm-9.15.3",
              "default": true
            }
          ],
          "store_path": "/nix/store/id6m5r3zip98l8g9lyvgwv8bvvnn99hq-pnpm-9.15.3"
        },
        "x86_64-darwin": {
          "outputs": [
            {
              "name": "out",
              "path": "/nix/store/4lsfbyj9fl5yf6ar3cfj7vngd5v7rvqg-pnpm-9.15.3",
              "default": true
            }
          ],
          "store_path": "/nix/store/4lsfbyj9fl5yf6ar3cfj7vngd5v7rvqg-pnpm-9.15.3"
        },
        "x86_64-linux": {
          "outputs": [
            {
              "name": "out",
              "path": "/nix/store/p7r1k66dzs1qpkas0jx5v20asih9y37q-pnpm-9.15.3",
              "default": true
            }
          ],
          "store_path": "/nix/store/p7r1k66dzs1qpkas0jx5v20asih9y37q-pnpm-9.15.3"
        }
      }
    },
    "postgresql": {
      "plugin_version": "0.0.2",
      "resolved": "github:NixOS/nixpkgs/aa290c9891fa4ebe88f8889e59633d20cc06a5f2#postgresql",
      "source": "nixpkg",
      "systems": {
        "x86_64-linux": {
          "outputs": [
            {
              "path": "/nix/store/4ymb19kxf4jhvxgpgcpla0v873fj6gk7-postgresql-17.7",
              "default": true
            },
            {
              "name": "man",
              "path": "/nix/store/g9js21qckjnan7v3acw82m6ax59801n5-postgresql-17.7-man",
              "default": true
            }
          ]
        }
      }
    }
  }
}
